
Microsoft Visual Studio Solution File, Format Version 12.00
# Visual Studio Version 17
VisualStudioVersion = 17.8.34525.116
MinimumVisualStudioVersion = 10.0.40219.1
Project("{FAE04EC0-301F-11D3-BF4B-00C04F79EFBC}") = "dockerimage", "dockerimage\dockerimage.csproj", "{4C50927E-9A73-4D62-B308-63E20CF8E356}"
EndProject
Project("{E53339B2-1760-4266-BCC7-CA923CBCF16C}") = "docker-compose", "docker-compose.dcproj", "{BBCDCBD6-DE75-4F1B-A73A-957C5FD510CD}"
EndProject
Global
	GlobalSection(SolutionConfigurationPlatforms) = preSolution
		Debug|Any CPU = Debug|Any CPU
		Release|Any CPU = Release|Any CPU
	EndGlobalSection
	GlobalSection(ProjectConfigurationPlatforms) = postSolution
		{4C50927E-9A73-4D62-B308-63E20CF8E356}.Debug|Any CPU.ActiveCfg = Debug|Any CPU
		{4C50927E-9A73-4D62-B308-63E20CF8E356}.Debug|Any CPU.Build.0 = Debug|Any CPU
		{4C50927E-9A73-4D62-B308-63E20CF8E356}.Release|Any CPU.ActiveCfg = Release|Any CPU
		{4C50927E-9A73-4D62-B308-63E20CF8E356}.Release|Any CPU.Build.0 = Release|Any CPU
		{BBCDCBD6-DE75-4F1B-A73A-957C5FD510CD}.Debug|Any CPU.ActiveCfg = Debug|Any CPU
		{BBCDCBD6-DE75-4F1B-A73A-957C5FD510CD}.Debug|Any CPU.Build.0 = Debug|Any CPU
		{BBCDCBD6-DE75-4F1B-A73A-957C5FD510CD}.Release|Any CPU.ActiveCfg = Release|Any CPU
		{BBCDCBD6-DE75-4F1B-A73A-957C5FD510CD}.Release|Any CPU.Build.0 = Release|Any CPU
	EndGlobalSection
	GlobalSection(SolutionProperties) = preSolution
		HideSolutionNode = FALSE
	EndGlobalSection
	GlobalSection(ExtensibilityGlobals) = postSolution
		SolutionGuid = {5829FD45-23ED-4EB8-9CB1-93E32F7674F8}
	EndGlobalSection
EndGlobal
